lockfileVersion: '9.0'

settings:
  autoInstallPeers: true
  excludeLinksFromLockfile: false

importers:

  .:
    dependencies:
      '@sapphire/decorators':
        specifier: ^6.0.4
        version: 6.1.0
      '@sapphire/discord.js-utilities':
        specifier: 7.1.6
        version: 7.1.6
      '@sapphire/framework':
        specifier: ^5.2.1
        version: 5.2.1
      '@sapphire/plugin-logger':
        specifier: ^4.0.2
        version: 4.0.2
      '@sapphire/plugin-subcommands':
        specifier: ^6.0.3
        version: 6.0.3
      '@sapphire/utilities':
        specifier: ^3.15.3
        version: 3.15.3
      '@skyra/env-utilities':
        specifier: ^1.3.0
        version: 1.3.0
      colorette:
        specifier: ^2.0.20
        version: 2.0.20
      discord.js:
        specifier: ^14.15.2
        version: 14.15.2
    devDependencies:
      '@sapphire/cli':
        specifier: ^1.9.3
        version: 1.9.3
      '@sapphire/prettier-config':
        specifier: ^2.0.0
        version: 2.0.0
      '@sapphire/ts-config':
        specifier: ^5.0.0
        version: 5.0.1
      '@types/node':
        specifier: ^20.11.5
        version: 20.12.10
      '@types/ws':
        specifier: ^8.5.10
        version: 8.5.10
      prettier:
        specifier: ^3.2.4
        version: 3.2.5
      tsc-watch:
        specifier: ^6.0.4
        version: 6.2.0(typescript@5.4.5)
      typescript:
        specifier: ^5.3.3
        version: 5.4.5

packages:

  '@discordjs/builders@1.8.1':
    resolution: {integrity: sha512-GkF+HM01FHy+NSoTaUPR8z44otfQgJ1AIsRxclYGUZDyUbdZEFyD/5QVv2Y1Flx6M+B0bQLzg2M9CJv5lGTqpA==}
    engines: {node: '>=16.11.0'}

  '@discordjs/collection@1.5.3':
    resolution: {integrity: sha512-SVb428OMd3WO1paV3rm6tSjM4wC+Kecaa1EUGX7vc6/fddvw/6lg90z4QtCqm21zvVe92vMMDt9+DkIvjXImQQ==}
    engines: {node: '>=16.11.0'}

  '@discordjs/collection@2.1.0':
    resolution: {integrity: sha512-mLcTACtXUuVgutoznkh6hS3UFqYirDYAg5Dc1m8xn6OvPjetnUlf/xjtqnnc47OwWdaoCQnHmHh9KofhD6uRqw==}
    engines: {node: '>=18'}

  '@discordjs/formatters@0.4.0':
    resolution: {integrity: sha512-fJ06TLC1NiruF35470q3Nr1bi95BdvKFAF+T5bNfZJ4bNdqZ3VZ+Ttg6SThqTxm6qumSG3choxLBHMC69WXNXQ==}
    engines: {node: '>=16.11.0'}

  '@discordjs/rest@2.3.0':
    resolution: {integrity: sha512-C1kAJK8aSYRv3ZwMG8cvrrW4GN0g5eMdP8AuN8ODH5DyOCbHgJspze1my3xHOAgwLJdKUbWNVyAeJ9cEdduqIg==}
    engines: {node: '>=16.11.0'}

  '@discordjs/util@1.1.0':
    resolution: {integrity: sha512-IndcI5hzlNZ7GS96RV3Xw1R2kaDuXEp7tRIy/KlhidpN/BQ1qh1NZt3377dMLTa44xDUNKT7hnXkA/oUAzD/lg==}
    engines: {node: '>=16.11.0'}

  '@discordjs/ws@1.1.0':
    resolution: {integrity: sha512-O97DIeSvfNTn5wz5vaER6ciyUsr7nOqSEtsLoMhhIgeFkhnxLRqSr00/Fpq2/ppLgjDGLbQCDzIK7ilGoB/M7A==}
    engines: {node: '>=16.11.0'}

  '@favware/colorette-spinner@1.0.1':
    resolution: {integrity: sha512-PPYtcLzhSafdylp8NBOxMCYIcLqTUMNiQc7ciBoAIvxNG2egM+P7e2nNPui5+Svyk89Q+Tnbrp139ZRIIBw3IA==}
    engines: {node: '>=v16'}

  '@sapphire/async-queue@1.5.2':
    resolution: {integrity: sha512-7X7FFAA4DngXUl95+hYbUF19bp1LGiffjJtu7ygrZrbdCSsdDDBaSjB7Akw0ZbOu6k0xpXyljnJ6/RZUvLfRdg==}
    engines: {node: '>=v14.0.0', npm: '>=7.0.0'}

  '@sapphire/cli@1.9.3':
    resolution: {integrity: sha512-78sw7JN4FKDY7lDE3Ld+SavQmww7EEHGe/79pom3dF7r/vO+6lxH3ffcnqZKy3Hd/onBe5cfm26DygEOstGnxw==}
    engines: {node: '>=v18'}
    hasBin: true

  '@sapphire/decorators@6.1.0':
    resolution: {integrity: sha512-LAml5F/JN1PMm0krKsuZQ7R32DboQZE1A1ULyEK/m1hkxRt/ympYWSBKVwnurDb+kyPD2CaHMOgKgDW2Gt6mwA==}
    engines: {node: '>=v14.0.0', npm: '>=7.0.0'}

  '@sapphire/discord-utilities@3.2.3':
    resolution: {integrity: sha512-tGR1gp7djEEFuIFcj4fa0kaaJ/+sfm9UHHav6hSCvwytP33tUAIiH7hJhgbM/B7/WWCiwDIZXGBdKg9Wwc0TdA==}
    engines: {node: '>=v14.0.0', npm: '>=7.0.0'}

  '@sapphire/discord.js-utilities@7.1.6':
    resolution: {integrity: sha512-rOSs1xUOSLkqF6MXGtAOFtxYqzCoIIHImMFXftIxIdn38PNsLJNMWjf18bIVRMDMduVXtfROF7PLXxSp/CpLaw==}
    engines: {node: '>=16.6.0', npm: '>=7.0.0'}

  '@sapphire/discord.js-utilities@7.2.1':
    resolution: {integrity: sha512-Yq9mml/QhH/1GWylo4XyjrIZRo1KVkX5r4e1Vo14cR6Ce2eI9TJLqyFKl/0ZFQiLPr0YDLxfrqxd2WSXA6uUyw==}
    engines: {node: '>=16.6.0', npm: '>=7.0.0'}

  '@sapphire/duration@1.1.2':
    resolution: {integrity: sha512-m+DpXedUHdnH3rM6P9Hiyb9dpdXKb8WeTAVIug0QuN8tarQedbymbOor+UFmBfCbKOkoW9HvGK10xDwDvSfKrw==}
    engines: {node: '>=v14.0.0', npm: '>=7.0.0'}

  '@sapphire/framework@5.2.1':
    resolution: {integrity: sha512-47V3BPe3On3SB+Mbdb4eWPnKfNKV5Js1rLUyt+74WUY+MsS2Utja6Y26gswqk+GW3jqiX67tWTnIK3els+PVsw==}
    engines: {node: '>=v18', npm: '>=7'}

  '@sapphire/lexure@1.1.7':
    resolution: {integrity: sha512-6PqU2/V+w1k4DHbZ8erIH+iaT/kAmLfReiWNUURt1akfrPTWqlVYWfuxkHXF0JMPk53r4NIkZoitiWwGUtPF+Q==}
    engines: {node: '>=v14.0.0', npm: '>=7.0.0'}

  '@sapphire/node-utilities@1.0.2':
    resolution: {integrity: sha512-v4prFEQNbUfD3j0/gjYd93xYY52N3wrtwTgJc7n68a/GuQXiXLnfypczG5CDVX1nQdvdCB9t4wSUHpfB82zAbQ==}
    engines: {node: '>=v16.0.0', npm: '>=7.0.0'}

  '@sapphire/pieces@4.2.2':
    resolution: {integrity: sha512-DvAC+zTgm5o41D6iX+jBjMp+rRmoHPKNYnav6v6vQLTxBJb+iFMmup9ZREiuXdrh1ejrmVRZojnnI59xQgezwQ==}
    engines: {node: '>=v14.0.0', npm: '>=7.0.0'}

  '@sapphire/plugin-logger@4.0.2':
    resolution: {integrity: sha512-5Nr++u+fA3/jZwj1aL9Z16RgyJZRE1gyUftfWjrzdndE5FkcbnLiVCKvnI8WzSupVhdn6kMaCWAteOSgAaq3lQ==}
    engines: {node: '>=v18', npm: '>=7'}

  '@sapphire/plugin-subcommands@6.0.3':
    resolution: {integrity: sha512-SLDlTjMrMpb3s89ZjrBvVbMWsXfNNciO6SnNQdKLKTUQwktaYxIdj+k3MmEWpN19i8W9ogRvIrLl0Hw20pPUng==}
    engines: {node: '>=v18', npm: '>=7'}

  '@sapphire/prettier-config@2.0.0':
    resolution: {integrity: sha512-Vie8KR5zQ6sbEP4+biW/IR7k55saGfZkTSuRlgvxCBKb4SBJdRWcOBI80i+JxMVIDDZKgXlgYnXEST+FgZiWXA==}
    engines: {node: '>=v14.0.0', npm: '>=7.0.0'}

  '@sapphire/ratelimits@2.4.9':
    resolution: {integrity: sha512-eEE385IrFsD90gg696MWNqbeDjo1ZgtBvL66BezIwJEwDguhLP5AVsBsT4uCacX/92aeHl8i2nVvtusIBXZNSg==}
    engines: {node: '>=v14.0.0', npm: '>=7.0.0'}

  '@sapphire/result@2.6.6':
    resolution: {integrity: sha512-QCjj7X/QlY0QUCeAaZQmnrsMH/b2BMQYee3F1Y5iF17JagUQqO3KZlG7vfXWQU3SRAJX5OgZZynBjixUH+nNGg==}
    engines: {node: '>=v14.0.0', npm: '>=7.0.0'}

  '@sapphire/shapeshift@3.9.7':
    resolution: {integrity: sha512-4It2mxPSr4OGn4HSQWGmhFMsNFGfFVhWeRPCRwbH972Ek2pzfGRZtb0pJ4Ze6oIzcyh2jw7nUDa6qGlWofgd9g==}
    engines: {node: '>=v16'}

  '@sapphire/snowflake@3.5.3':
    resolution: {integrity: sha512-jjmJywLAFoWeBi1W7994zZyiNWPIiqRRNAmSERxyg93xRGzNYvGjlZ0gR6x0F4gPRi2+0O6S71kOZYyr3cxaIQ==}
    engines: {node: '>=v14.0.0', npm: '>=7.0.0'}

  '@sapphire/stopwatch@1.5.2':
    resolution: {integrity: sha512-FrR1GnaEIuXpEfnaz7DjNgoN/Cp8dJ5XFgb8CxXTCAJi8LYk0YsyGSdmmcs9R3ZNZrA1vOSv0dFVLitgiVA36Q==}
    engines: {node: '>=v14.0.0', npm: '>=7.0.0'}

  '@sapphire/timestamp@1.0.3':
    resolution: {integrity: sha512-I2TwqlLDA2Uu576VUgyBaT1gP1WSWPxeW3NqFxsSJfwFyvzXkTzyQiYce0eWMpM6BdBCq7Dddg+Yayls/5K1RA==}
    engines: {node: '>=v14.0.0', npm: '>=7.0.0'}

  '@sapphire/ts-config@5.0.1':
    resolution: {integrity: sha512-86YBYNBDNs6/bCrTsv274553v43Bz8YljfrrIQ4N8ll2npUxbf6cpC0gjfJY+FMa1HwKUgoMF4lvhzY0Ph0smw==}
    engines: {node: '>=v16.0.0', npm: '>=8.0.0'}

  '@sapphire/utilities@3.15.3':
    resolution: {integrity: sha512-K5dFGOB5XvblXFN+Av+Tch/dVBAifmxtZ9/2mFo8VqzbiaFJIRUuoPAoNsp8pWYaU423yV8bfD8WsCSNd9w1YQ==}
    engines: {node: '>=v14.0.0'}

  '@skyra/env-utilities@1.3.0':
    resolution: {integrity: sha512-uDB+yv0hhscB9iXjyRI0pU0+MOju4qmEGwGRPwNtLRpXWoCjCSD/jtThDYND/Mtp5W8mylTMqi7XwRGx/o6DQA==}
    engines: {node: '>=18'}

  '@types/node@20.12.10':
    resolution: {integrity: sha512-Eem5pH9pmWBHoGAT8Dr5fdc5rYA+4NAovdM4EktRPVAAiJhmWWfQrA0cFhAbOsQdSfIHjAud6YdkbL69+zSKjw==}

  '@types/ws@8.5.10':
    resolution: {integrity: sha512-vmQSUcfalpIq0R9q7uTo2lXs6eGIpt9wtnLdMv9LVpIjCA/+ufZRozlVoVelIYixx1ugCBKDhn89vnsEGOCx9A==}

  '@vladfrangu/async_event_emitter@2.2.4':
    resolution: {integrity: sha512-ButUPz9E9cXMLgvAW8aLAKKJJsPu1dY1/l/E8xzLFuysowXygs6GBcyunK9rnGC4zTsnIc2mQo71rGw9U+Ykug==}
    engines: {node: '>=v14.0.0', npm: '>=7.0.0'}

  argparse@2.0.1:
    resolution: {integrity: sha512-8+9WqebbFzpX9OR+Wa6O29asIogeRMzcGtAINdpMHHyAg10f05aSFVBbcEqGf/PXw1EjAZ+q2/bEBg3DvurK3Q==}

  colorette@2.0.20:
    resolution: {integrity: sha512-IfEDxwoWIjkeXL1eXcDiow4UbKjhLdq6/EuSVR9GMN7KVH3r9gQ83e73hsz1Nd1T3ijd5xv1wcWRYO+D6kCI2w==}

  commander@11.1.0:
    resolution: {integrity: sha512-yPVavfyCcRhmorC7rWlkHn15b4wDVgVmBA7kV4QVBsF7kv/9TKJAbAXVTxvTnwP8HHKjRCJDClKbciiYS7p0DQ==}
    engines: {node: '>=16'}

  cross-spawn@7.0.3:
    resolution: {integrity: sha512-iRDPJKUPVEND7dHPO8rkbOnPpyDygcDFtWjpeWNCgy8WP2rXcxXL8TskReQl6OrB2G7+UJrags1q15Fudc7G6w==}
    engines: {node: '>= 8'}

  discord-api-types@0.37.83:
    resolution: {integrity: sha512-urGGYeWtWNYMKnYlZnOnDHm8fVRffQs3U0SpE8RHeiuLKb/u92APS8HoQnPTFbnXmY1vVnXjXO4dOxcAn3J+DA==}

  discord.js@14.15.2:
    resolution: {integrity: sha512-wGD37YCaTUNprtpqMIRuNiswwsvSWXrHykBSm2SAosoTYut0VUDj9yo9t4iLtMKvuhI49zYkvKc2TNdzdvpJhg==}
    engines: {node: '>=16.11.0'}

  dotenv-expand@10.0.0:
    resolution: {integrity: sha512-GopVGCpVS1UKH75VKHGuQFqS1Gusej0z4FyQkPdwjil2gNIv+LNsqBlboOzpJFZKVT95GkCyWJbBSdFEFUWI2A==}
    engines: {node: '>=12'}

  dotenv@16.4.5:
    resolution: {integrity: sha512-ZmdL2rui+eB2YwhsWzjInR8LldtZHGDoQ1ugH85ppHKwpUHL7j7rN0Ti9NCnGiQbhaZ11FpR+7ao1dNsmduNUg==}
    engines: {node: '>=12'}

  duplexer@0.1.2:
    resolution: {integrity: sha512-jtD6YG370ZCIi/9GTaJKQxWTZD045+4R4hTk/x1UyoqadyJ9x9CgSi1RlVDQF8U2sxLLSnFkCaMihqljHIWgMg==}

  event-stream@3.3.4:
    resolution: {integrity: sha512-QHpkERcGsR0T7Qm3HNJSyXKEEj8AHNxkY3PK8TS2KJvQ7NiSHe3DDpwVKKtoYprL/AreyzFBeIkBIWChAqn60g==}

  execa@8.0.1:
    resolution: {integrity: sha512-VyhnebXciFV2DESc+p6B+y0LjSm0krU4OgJN44qFAhBY0TJ+1V61tYD2+wHusZ6F9n5K+vl8k0sTy7PEfV4qpg==}
    engines: {node: '>=16.17'}

  fast-deep-equal@3.1.3:
    resolution: {integrity: sha512-f3qQ9oQy9j2AhBe/H9VC91wLmKBCCU/gDOnKNAYG5hswO7BLKj09Hc5HYNz9cGI++xlpDCIgDaitVs03ATR84Q==}

  find-up@5.0.0:
    resolution: {integrity: sha512-78/PXT1wlLLDgTzDs7sjq9hzz0vXD+zn+7wypEe4fXQxCmdmqfGsEPQxmiCSQI3ajFV91bVSsvNtrJRiW6nGng==}
    engines: {node: '>=10'}

  from@0.1.7:
    resolution: {integrity: sha512-twe20eF1OxVxp/ML/kq2p1uc6KvFK/+vs8WjEbeKmV2He22MKm7YF2ANIt+EOqhJ5L3K/SuuPhk0hWQDjOM23g==}

  get-stream@8.0.1:
    resolution: {integrity: sha512-VaUJspBffn/LMCJVoMvSAdmscJyS1auj5Zulnn5UoYcY531UWmdwhRWkcGKnGU93m5HSXP9LP2usOryrBtQowA==}
    engines: {node: '>=16'}

  human-signals@5.0.0:
    resolution: {integrity: sha512-AXcZb6vzzrFAUE61HnN4mpLqd/cSIwNQjtNWR0euPm6y0iqx3G4gOXaIDdtdDwZmhwe82LA6+zinmW4UBWVePQ==}
    engines: {node: '>=16.17.0'}

  is-stream@3.0.0:
    resolution: {integrity: sha512-LnQR4bZ9IADDRSkvpqMGvt/tEJWclzklNgSw48V5EAaAeDd6qGvN8ei6k5p0tvxSR171VmGyHuTiAOfxAbr8kA==}
    engines: {node: ^12.20.0 || ^14.13.1 || >=16.0.0}

  isexe@2.0.0:
    resolution: {integrity: sha512-RHxMLp9lnKHGHRng9QFhRCMbYAcVpn69smSGcq3f36xjgVVWThj4qqLbTLlq7Ssj8B+fIQ1EuCEGI2lKsyQeIw==}

  js-yaml@4.1.0:
    resolution: {integrity: sha512-wpxZs9NoxZaJESJGIZTyDEaYpl0FKSA+FB9aJiyemKhMwkxQg63h4T1KJgUGHpTqPDNRcmmYLugrRjJlBtWvRA==}
    hasBin: true

  kleur@3.0.3:
    resolution: {integrity: sha512-eTIzlVOSUR+JxdDFepEYcBMtZ9Qqdef+rnzWdRZuMbOywu5tO2w2N7rqjoANZ5k9vywhL6Br1VRjUIgTQx4E8w==}
    engines: {node: '>=6'}

  locate-path@6.0.0:
    resolution: {integrity: sha512-iPZK6eYjbxRu3uB4/WZ3EsEIMJFMqAoopl3R+zuq0UjcAm/MO6KCweDgPfP3elTztoKP3KtnVHxTn2NHBSDVUw==}
    engines: {node: '>=10'}

  lodash.snakecase@4.1.1:
    resolution: {integrity: sha512-QZ1d4xoBHYUeuouhEq3lk3Uq7ldgyFXGBhg04+oRLnIz8o9T65Eh+8YdroUwn846zchkA9yDsDl5CVVaV2nqYw==}

  lodash@4.17.21:
    resolution: {integrity: sha512-v2kDEe57lecTulaDIuNTPy3Ry4gLGJ6Z1O3vE1krgXZNrsQ+LFTGHVxVjcXPs17LhbZVGedAJv8XZ1tvj5FvSg==}

  magic-bytes.js@1.10.0:
    resolution: {integrity: sha512-/k20Lg2q8LE5xiaaSkMXk4sfvI+9EGEykFS4b0CHHGWqDYU0bGUFSwchNOMA56D7TCs9GwVTkqe9als1/ns8UQ==}

  map-stream@0.1.0:
    resolution: {integrity: sha512-CkYQrPYZfWnu/DAmVCpTSX/xHpKZ80eKh2lAkyA6AJTef6bW+6JpbQZN5rofum7da+SyN1bi5ctTm+lTfcCW3g==}

  merge-stream@2.0.0:
    resolution: {integrity: sha512-abv/qOcuPfk3URPfDzmZU1LKmuw8kT+0nIHvKrKgFrwifol/doWcdA4ZqsWQ8ENrFKkd67Mfpo/LovbIUsbt3w==}

  mimic-fn@4.0.0:
    resolution: {integrity: sha512-vqiC06CuhBTUdZH+RYl8sFrL096vA45Ok5ISO6sE/Mr1jRbGH4Csnhi8f3wKVl7x8mO4Au7Ir9D3Oyv1VYMFJw==}
    engines: {node: '>=12'}

  node-cleanup@2.1.2:
    resolution: {integrity: sha512-qN8v/s2PAJwGUtr1/hYTpNKlD6Y9rc4p8KSmJXyGdYGZsDGKXrGThikLFP9OCHFeLeEpQzPwiAtdIvBLqm//Hw==}

  npm-run-path@5.3.0:
    resolution: {integrity: sha512-ppwTtiJZq0O/ai0z7yfudtBpWIoxM8yE6nHi1X47eFR2EWORqfbu6CnPlNsjeN683eT0qG6H/Pyf9fCcvjnnnQ==}
    engines: {node: ^12.20.0 || ^14.13.1 || >=16.0.0}

  onetime@6.0.0:
    resolution: {integrity: sha512-1FlR+gjXK7X+AsAHso35MnyN5KqGwJRi/31ft6x0M194ht7S+rWAvd7PHss9xSKMzE0asv1pyIHaJYq+BbacAQ==}
    engines: {node: '>=12'}

  p-limit@3.1.0:
    resolution: {integrity: sha512-TYOanM3wGwNGsZN2cVTYPArw454xnXj5qmWF1bEoAc4+cU/ol7GVh7odevjp1FNHduHc3KZMcFduxU5Xc6uJRQ==}
    engines: {node: '>=10'}

  p-locate@5.0.0:
    resolution: {integrity: sha512-LaNjtRWUBY++zB5nE/NwcaoMylSPk+S+ZHNB1TzdbMJMny6dynpAGt7X/tl/QYq3TIeE6nxHppbo2LGymrG5Pw==}
    engines: {node: '>=10'}

  path-exists@4.0.0:
    resolution: {integrity: sha512-ak9Qy5Q7jYb2Wwcey5Fpvg2KoAc/ZIhLSLOSBmRmygPsGwkVVt0fZa0qrtMz+m6tJTAHfZQ8FnmB4MG4LWy7/w==}
    engines: {node: '>=8'}

  path-key@3.1.1:
    resolution: {integrity: sha512-ojmeN0qd+y0jszEtoY48r0Peq5dwMEkIlCOu6Q5f41lfkswXuKtYrhgoTpLnyIcHm24Uhqx+5Tqm2InSwLhE6Q==}
    engines: {node: '>=8'}

  path-key@4.0.0:
    resolution: {integrity: sha512-haREypq7xkM7ErfgIyA0z+Bj4AGKlMSdlQE2jvJo6huWD1EdkKYV+G/T4nq0YEF2vgTT8kqMFKo1uHn950r4SQ==}
    engines: {node: '>=12'}

  pause-stream@0.0.11:
    resolution: {integrity: sha512-e3FBlXLmN/D1S+zHzanP4E/4Z60oFAa3O051qt1pxa7DEJWKAyil6upYVXCWadEnuoqa4Pkc9oUx9zsxYeRv8A==}

  prettier@3.2.5:
    resolution: {integrity: sha512-3/GWa9aOC0YeD7LUfvOG2NiDyhOWRvt1k+rcKhOuYnMY24iiCphgneUfJDyFXd6rZCAnuLBv6UeAULtrhT/F4A==}
    engines: {node: '>=14'}
    hasBin: true

  prompts@2.4.2:
    resolution: {integrity: sha512-NxNv/kLguCA7p3jE8oL2aEBsrJWgAakBpgmgK6lpPWV+WuOmY6r2/zbAVnP+T8bQlA0nzHXSJSJW0Hq7ylaD2Q==}
    engines: {node: '>= 6'}

  ps-tree@1.2.0:
    resolution: {integrity: sha512-0VnamPPYHl4uaU/nSFeZZpR21QAWRz+sRv4iW9+v/GS/J5U5iZB5BNN6J0RMoOvdx2gWM2+ZFMIm58q24e4UYA==}
    engines: {node: '>= 0.10'}
    hasBin: true

  shebang-command@2.0.0:
    resolution: {integrity: sha512-kHxr2zZpYtdmrN1qDjrrX/Z1rR1kG8Dx+gkpK1G4eXmvXswmcE1hTWBWYUzlraYw1/yZp6YuDY77YtvbN0dmDA==}
    engines: {node: '>=8'}

  shebang-regex@3.0.0:
    resolution: {integrity: sha512-7++dFhtcx3353uBaq8DDR4NuxBetBzC7ZQOhmTQInHEd6bSrXdiEyzCvG07Z44UYdLShWUyXt5M/yhz8ekcb1A==}
    engines: {node: '>=8'}

  signal-exit@4.1.0:
    resolution: {integrity: sha512-bzyZ1e88w9O1iNJbKnOlvYTrWPDl46O1bG0D3XInv+9tkPrxrN8jUUTiFlDkkmKWgn1M6CfIA13SuGqOa9Korw==}
    engines: {node: '>=14'}

  sisteransi@1.0.5:
    resolution: {integrity: sha512-bLGGlR1QxBcynn2d5YmDX4MGjlZvy2MRBDRNHLJ8VI6l6+9FUiyTFNJ0IveOSP0bcXgVDPRcfGqA0pjaqUpfVg==}

  split@0.3.3:
    resolution: {integrity: sha512-wD2AeVmxXRBoX44wAycgjVpMhvbwdI2aZjCkvfNcH1YqHQvJVa1duWc73OyVGJUc05fhFaTZeQ/PYsrmyH0JVA==}

  stream-combiner@0.0.4:
    resolution: {integrity: sha512-rT00SPnTVyRsaSz5zgSPma/aHSOic5U1prhYdRy5HS2kTZviFpmDgzilbtsJsxiroqACmayynDN/9VzIbX5DOw==}

  string-argv@0.3.2:
    resolution: {integrity: sha512-aqD2Q0144Z+/RqG52NeHEkZauTAUWJO8c6yTftGJKO3Tja5tUgIfmIl6kExvhtxSDP7fXB6DvzkfMpCd/F3G+Q==}
    engines: {node: '>=0.6.19'}

  strip-final-newline@3.0.0:
    resolution: {integrity: sha512-dOESqjYr96iWYylGObzd39EuNTa5VJxyvVAEm5Jnh7KGo75V43Hk1odPQkNDyXNmUR6k+gEiDVXnjB8HJ3crXw==}
    engines: {node: '>=12'}

  through@2.3.8:
    resolution: {integrity: sha512-w89qg7PI8wAdvX60bMDP+bFoD5Dvhm9oLheFp5O4a2QF0cSBGsBX4qZmadPMvVqlLJBBci+WqGGOAPvcDeNSVg==}

  ts-mixer@6.0.4:
    resolution: {integrity: sha512-ufKpbmrugz5Aou4wcr5Wc1UUFWOLhq+Fm6qa6P0w0K5Qw2yhaUoiWszhCVuNQyNwrlGiscHOmqYoAox1PtvgjA==}

  tsc-watch@6.2.0:
    resolution: {integrity: sha512-2LBhf9kjKXnz7KQ/puLHlozMzzUNHAdYBNMkg3eksQJ9GBAgMg8czznM83T5PmsoUvDnXzfIeQn2lNcIYDr8LA==}
    engines: {node: '>=12.12.0'}
    hasBin: true
    peerDependencies:
      typescript: '*'

  tslib@2.6.2:
    resolution: {integrity: sha512-AEYxH93jGFPn/a2iVAwW87VuUIkR1FVUKB77NwMF7nBTDkDrrT/Hpt/IrCJ0QXhW27jTBDcf5ZY7w6RiqTMw2Q==}

  typescript@5.4.5:
    resolution: {integrity: sha512-vcI4UpRgg81oIRUFwR0WSIHKt11nJ7SAVlYNIu+QpqeyXP+gpQJy/Z4+F0aGxSE4MqwjyXvW/TzgkLAx2AGHwQ==}
    engines: {node: '>=14.17'}
    hasBin: true

  undici-types@5.26.5:
    resolution: {integrity: sha512-JlCMO+ehdEIKqlFxk6IfVoAUVmgz7cU7zD/h9XZ0qzeosSHmUJVOzSQvvYSYWXkFXC+IfLKSIffhv0sVZup6pA==}

  undici@6.13.0:
    resolution: {integrity: sha512-Q2rtqmZWrbP8nePMq7mOJIN98M0fYvSgV89vwl/BQRT4mDOeY2GXZngfGpcBBhtky3woM7G24wZV3Q304Bv6cw==}
    engines: {node: '>=18.0'}

  which@2.0.2:
    resolution: {integrity: sha512-BLI3Tl1TW3Pvl70l3yq3Y64i+awpwXqsGBYWkkqMtnbXgrMD+yj7rhW0kuEDxzJaYXGjEW5ogapKNMEKNMjibA==}
    engines: {node: '>= 8'}
    hasBin: true

  ws@8.17.0:
    resolution: {integrity: sha512-uJq6108EgZMAl20KagGkzCKfMEjxmKvZHG7Tlq0Z6nOky7YF7aq4mOx6xK8TJ/i1LeK4Qus7INktacctDgY8Ow==}
    engines: {node: '>=10.0.0'}
    peerDependencies:
      bufferutil: ^4.0.1
      utf-8-validate: '>=5.0.2'
    peerDependenciesMeta:
      bufferutil:
        optional: true
      utf-8-validate:
        optional: true

  yocto-queue@0.1.0:
    resolution: {integrity: sha512-rVksvsnNCdJ/ohGc6xgPwyN8eheCxsiLM8mxuE/t/mOVqJewPuO1miLpTHQiRgTKCLexL4MeAFVagts7HmNZ2Q==}
    engines: {node: '>=10'}

snapshots:

  '@discordjs/builders@1.8.1':
    dependencies:
      '@discordjs/formatters': 0.4.0
      '@discordjs/util': 1.1.0
      '@sapphire/shapeshift': 3.9.7
      discord-api-types: 0.37.83
      fast-deep-equal: 3.1.3
      ts-mixer: 6.0.4
      tslib: 2.6.2

  '@discordjs/collection@1.5.3': {}

  '@discordjs/collection@2.1.0': {}

  '@discordjs/formatters@0.4.0':
    dependencies:
      discord-api-types: 0.37.83

  '@discordjs/rest@2.3.0':
    dependencies:
      '@discordjs/collection': 2.1.0
      '@discordjs/util': 1.1.0
      '@sapphire/async-queue': 1.5.2
      '@sapphire/snowflake': 3.5.3
      '@vladfrangu/async_event_emitter': 2.2.4
      discord-api-types: 0.37.83
      magic-bytes.js: 1.10.0
      tslib: 2.6.2
      undici: 6.13.0

  '@discordjs/util@1.1.0': {}

  '@discordjs/ws@1.1.0':
    dependencies:
      '@discordjs/collection': 2.1.0
      '@discordjs/rest': 2.3.0
      '@discordjs/util': 1.1.0
      '@sapphire/async-queue': 1.5.2
      '@types/ws': 8.5.10
      '@vladfrangu/async_event_emitter': 2.2.4
      discord-api-types: 0.37.83
      tslib: 2.6.2
      ws: 8.17.0
    transitivePeerDependencies:
      - bufferutil
      - utf-8-validate

  '@favware/colorette-spinner@1.0.1':
    dependencies:
      colorette: 2.0.20

  '@sapphire/async-queue@1.5.2': {}

  '@sapphire/cli@1.9.3':
    dependencies:
      '@favware/colorette-spinner': 1.0.1
      '@sapphire/node-utilities': 1.0.2
      '@sapphire/result': 2.6.6
      colorette: 2.0.20
      commander: 11.1.0
      execa: 8.0.1
      find-up: 5.0.0
      js-yaml: 4.1.0
      prompts: 2.4.2
      tslib: 2.6.2

  '@sapphire/decorators@6.1.0':
    dependencies:
      tslib: 2.6.2

  '@sapphire/discord-utilities@3.2.3':
    dependencies:
      discord-api-types: 0.37.83

  '@sapphire/discord.js-utilities@7.1.6':
    dependencies:
      '@sapphire/discord-utilities': 3.2.3
      '@sapphire/duration': 1.1.2
      '@sapphire/utilities': 3.15.3
      tslib: 2.6.2

  '@sapphire/discord.js-utilities@7.2.1':
    dependencies:
      '@sapphire/discord-utilities': 3.2.3
      '@sapphire/duration': 1.1.2
      '@sapphire/utilities': 3.15.3
      tslib: 2.6.2

  '@sapphire/duration@1.1.2': {}

  '@sapphire/framework@5.2.1':
    dependencies:
      '@discordjs/builders': 1.8.1
      '@sapphire/discord-utilities': 3.2.3
      '@sapphire/discord.js-utilities': 7.2.1
      '@sapphire/lexure': 1.1.7
      '@sapphire/pieces': 4.2.2
      '@sapphire/ratelimits': 2.4.9
      '@sapphire/result': 2.6.6
      '@sapphire/stopwatch': 1.5.2
      '@sapphire/utilities': 3.15.3

  '@sapphire/lexure@1.1.7':
    dependencies:
      '@sapphire/result': 2.6.6

  '@sapphire/node-utilities@1.0.2': {}

  '@sapphire/pieces@4.2.2':
    dependencies:
      '@discordjs/collection': 1.5.3
      '@sapphire/utilities': 3.15.3
      tslib: 2.6.2

  '@sapphire/plugin-logger@4.0.2':
    dependencies:
      '@sapphire/timestamp': 1.0.3
      colorette: 2.0.20

  '@sapphire/plugin-subcommands@6.0.3':
    dependencies:
      '@sapphire/utilities': 3.15.3
      tslib: 2.6.2

  '@sapphire/prettier-config@2.0.0':
    dependencies:
      prettier: 3.2.5

  '@sapphire/ratelimits@2.4.9': {}

  '@sapphire/result@2.6.6': {}

  '@sapphire/shapeshift@3.9.7':
    dependencies:
      fast-deep-equal: 3.1.3
      lodash: 4.17.21

  '@sapphire/snowflake@3.5.3': {}

  '@sapphire/stopwatch@1.5.2':
    dependencies:
      tslib: 2.6.2

  '@sapphire/timestamp@1.0.3': {}

  '@sapphire/ts-config@5.0.1':
    dependencies:
      tslib: 2.6.2
      typescript: 5.4.5

  '@sapphire/utilities@3.15.3': {}

  '@skyra/env-utilities@1.3.0':
    dependencies:
      dotenv: 16.4.5
      dotenv-expand: 10.0.0

  '@types/node@20.12.10':
    dependencies:
      undici-types: 5.26.5

  '@types/ws@8.5.10':
    dependencies:
      '@types/node': 20.12.10

  '@vladfrangu/async_event_emitter@2.2.4': {}

  argparse@2.0.1: {}

  colorette@2.0.20: {}

  commander@11.1.0: {}

  cross-spawn@7.0.3:
    dependencies:
      path-key: 3.1.1
      shebang-command: 2.0.0
      which: 2.0.2

  discord-api-types@0.37.83: {}

  discord.js@14.15.2:
    dependencies:
      '@discordjs/builders': 1.8.1
      '@discordjs/collection': 1.5.3
      '@discordjs/formatters': 0.4.0
      '@discordjs/rest': 2.3.0
      '@discordjs/util': 1.1.0
      '@discordjs/ws': 1.1.0
      '@sapphire/snowflake': 3.5.3
      discord-api-types: 0.37.83
      fast-deep-equal: 3.1.3
      lodash.snakecase: 4.1.1
      tslib: 2.6.2
      undici: 6.13.0
    transitivePeerDependencies:
      - bufferutil
      - utf-8-validate

  dotenv-expand@10.0.0: {}

  dotenv@16.4.5: {}

  duplexer@0.1.2: {}

  event-stream@3.3.4:
    dependencies:
      duplexer: 0.1.2
      from: 0.1.7
      map-stream: 0.1.0
      pause-stream: 0.0.11
      split: 0.3.3
      stream-combiner: 0.0.4
      through: 2.3.8

  execa@8.0.1:
    dependencies:
      cross-spawn: 7.0.3
      get-stream: 8.0.1
      human-signals: 5.0.0
      is-stream: 3.0.0
      merge-stream: 2.0.0
      npm-run-path: 5.3.0
      onetime: 6.0.0
      signal-exit: 4.1.0
      strip-final-newline: 3.0.0

  fast-deep-equal@3.1.3: {}

  find-up@5.0.0:
    dependencies:
      locate-path: 6.0.0
      path-exists: 4.0.0

  from@0.1.7: {}

  get-stream@8.0.1: {}

  human-signals@5.0.0: {}

  is-stream@3.0.0: {}

  isexe@2.0.0: {}

  js-yaml@4.1.0:
    dependencies:
      argparse: 2.0.1

  kleur@3.0.3: {}

  locate-path@6.0.0:
    dependencies:
      p-locate: 5.0.0

  lodash.snakecase@4.1.1: {}

  lodash@4.17.21: {}

  magic-bytes.js@1.10.0: {}

  map-stream@0.1.0: {}

  merge-stream@2.0.0: {}

  mimic-fn@4.0.0: {}

  node-cleanup@2.1.2: {}

  npm-run-path@5.3.0:
    dependencies:
      path-key: 4.0.0

  onetime@6.0.0:
    dependencies:
      mimic-fn: 4.0.0

  p-limit@3.1.0:
    dependencies:
      yocto-queue: 0.1.0

  p-locate@5.0.0:
    dependencies:
      p-limit: 3.1.0

  path-exists@4.0.0: {}

  path-key@3.1.1: {}

  path-key@4.0.0: {}

  pause-stream@0.0.11:
    dependencies:
      through: 2.3.8

  prettier@3.2.5: {}

  prompts@2.4.2:
    dependencies:
      kleur: 3.0.3
      sisteransi: 1.0.5

  ps-tree@1.2.0:
    dependencies:
      event-stream: 3.3.4

  shebang-command@2.0.0:
    dependencies:
      shebang-regex: 3.0.0

  shebang-regex@3.0.0: {}

  signal-exit@4.1.0: {}

  sisteransi@1.0.5: {}

  split@0.3.3:
    dependencies:
      through: 2.3.8

  stream-combiner@0.0.4:
    dependencies:
      duplexer: 0.1.2

  string-argv@0.3.2: {}

  strip-final-newline@3.0.0: {}

  through@2.3.8: {}

  ts-mixer@6.0.4: {}

  tsc-watch@6.2.0(typescript@5.4.5):
    dependencies:
      cross-spawn: 7.0.3
      node-cleanup: 2.1.2
      ps-tree: 1.2.0
      string-argv: 0.3.2
      typescript: 5.4.5

  tslib@2.6.2: {}

  typescript@5.4.5: {}

  undici-types@5.26.5: {}

  undici@6.13.0: {}

  which@2.0.2:
    dependencies:
      isexe: 2.0.0

  ws@8.17.0: {}

  yocto-queue@0.1.0: {}
